
Microsoft Visual Studio Solution File, Format Version 12.00
# Visual Studio 14
VisualStudioVersion = 14.0.25420.1
MinimumVisualStudioVersion = 10.0.40219.1
Project("{FAE04EC0-301F-11D3-BF4B-00C04F79EFBC}") = "Cobra.App.Website", "Cobra\Cobra.App.Website.csproj", "{620846BA-AA90-4E0C-AFC3-CF8BBA94A983}"
EndProject
Project("{FAE04EC0-301F-11D3-BF4B-00C04F79EFBC}") = "Cobra.Tests", "Cobra.Tests\Cobra.Tests.csproj", "{5DE70302-18A4-4DBA-BAA9-4DF9EAA9F8EA}"
EndProject
Project("{FAE04EC0-301F-11D3-BF4B-00C04F79EFBC}") = "Cobra.Infrastructure", "Cobra.Infrastructure\Cobra.Infrastructure.csproj", "{D45D2477-A9D5-4863-AFD7-46F585A2D324}"
EndProject
Project("{FAE04EC0-301F-11D3-BF4B-00C04F79EFBC}") = "Cobra.Model", "Cobra.Model\Cobra.Model.csproj", "{A51B6364-AEB3-49AB-8B2D-0E42F2C17755}"
EndProject
Project("{2150E333-8FDC-42A3-9474-1A3956D46DE8}") = ".nuget", ".nuget", "{2236D738-2215-4893-93E2-C0818D473DA3}"
	ProjectSection(SolutionItems) = preProject
		.nuget\NuGet.Config = .nuget\NuGet.Config
		.nuget\NuGet.exe = .nuget\NuGet.exe
		.nuget\NuGet.targets = .nuget\NuGet.targets
	EndProjectSection
EndProject
Project("{FAE04EC0-301F-11D3-BF4B-00C04F79EFBC}") = "Cobra.App.Infrastructure", "Cobra.App.Infrastructure\Cobra.App.Infrastructure.csproj", "{31CD310D-21DC-425E-9D64-4C52D61EB393}"
EndProject
Project("{FAE04EC0-301F-11D3-BF4B-00C04F79EFBC}") = "Cobra.Identity", "Cobra.Identity\Cobra.Identity.csproj", "{D5A48FCE-C770-4314-90B3-E3110022DCF5}"
EndProject
Project("{2150E333-8FDC-42A3-9474-1A3956D46DE8}") = "SQL", "SQL", "{87DE8662-35FE-408B-BC7C-43318C59B080}"
	ProjectSection(SolutionItems) = preProject
		Cobra-20160920.sql = Cobra-20160920.sql
		PopulateData20160915.sql = PopulateData20160915.sql
	EndProjectSection
EndProject
Global
	GlobalSection(SolutionConfigurationPlatforms) = preSolution
		Debug|Any CPU = Debug|Any CPU
		Release|Any CPU = Release|Any CPU
	EndGlobalSection
	GlobalSection(ProjectConfigurationPlatforms) = postSolution
		{620846BA-AA90-4E0C-AFC3-CF8BBA94A983}.Debug|Any CPU.ActiveCfg = Debug|Any CPU
		{620846BA-AA90-4E0C-AFC3-CF8BBA94A983}.Debug|Any CPU.Build.0 = Debug|Any CPU
		{620846BA-AA90-4E0C-AFC3-CF8BBA94A983}.Release|Any CPU.ActiveCfg = Release|Any CPU
		{620846BA-AA90-4E0C-AFC3-CF8BBA94A983}.Release|Any CPU.Build.0 = Release|Any CPU
		{5DE70302-18A4-4DBA-BAA9-4DF9EAA9F8EA}.Debug|Any CPU.ActiveCfg = Debug|Any CPU
		{5DE70302-18A4-4DBA-BAA9-4DF9EAA9F8EA}.Debug|Any CPU.Build.0 = Debug|Any CPU
		{5DE70302-18A4-4DBA-BAA9-4DF9EAA9F8EA}.Release|Any CPU.ActiveCfg = Release|Any CPU
		{5DE70302-18A4-4DBA-BAA9-4DF9EAA9F8EA}.Release|Any CPU.Build.0 = Release|Any CPU
		{D45D2477-A9D5-4863-AFD7-46F585A2D324}.Debug|Any CPU.ActiveCfg = Debug|Any CPU
		{D45D2477-A9D5-4863-AFD7-46F585A2D324}.Debug|Any CPU.Build.0 = Debug|Any CPU
		{D45D2477-A9D5-4863-AFD7-46F585A2D324}.Release|Any CPU.ActiveCfg = Release|Any CPU
		{D45D2477-A9D5-4863-AFD7-46F585A2D324}.Release|Any CPU.Build.0 = Release|Any CPU
		{A51B6364-AEB3-49AB-8B2D-0E42F2C17755}.Debug|Any CPU.ActiveCfg = Debug|Any CPU
		{A51B6364-AEB3-49AB-8B2D-0E42F2C17755}.Debug|Any CPU.Build.0 = Debug|Any CPU
		{A51B6364-AEB3-49AB-8B2D-0E42F2C17755}.Release|Any CPU.ActiveCfg = Release|Any CPU
		{A51B6364-AEB3-49AB-8B2D-0E42F2C17755}.Release|Any CPU.Build.0 = Release|Any CPU
		{31CD310D-21DC-425E-9D64-4C52D61EB393}.Debug|Any CPU.ActiveCfg = Debug|Any CPU
		{31CD310D-21DC-425E-9D64-4C52D61EB393}.Debug|Any CPU.Build.0 = Debug|Any CPU
		{31CD310D-21DC-425E-9D64-4C52D61EB393}.Release|Any CPU.ActiveCfg = Release|Any CPU
		{31CD310D-21DC-425E-9D64-4C52D61EB393}.Release|Any CPU.Build.0 = Release|Any CPU
		{D5A48FCE-C770-4314-90B3-E3110022DCF5}.Debug|Any CPU.ActiveCfg = Debug|Any CPU
		{D5A48FCE-C770-4314-90B3-E3110022DCF5}.Debug|Any CPU.Build.0 = Debug|Any CPU
		{D5A48FCE-C770-4314-90B3-E3110022DCF5}.Release|Any CPU.ActiveCfg = Release|Any CPU
		{D5A48FCE-C770-4314-90B3-E3110022DCF5}.Release|Any CPU.Build.0 = Release|Any CPU
	EndGlobalSection
	GlobalSection(SolutionProperties) = preSolution
		HideSolutionNode = FALSE
	EndGlobalSection
	GlobalSection(TeamFoundationVersionControl) = preSolution
		SccNumberOfProjects = 7
		SccEnterpriseProvider = {4CA58AB2-18FA-4F8D-95D4-32DDF27D184C}
		SccTeamFoundationServer = http://mvpstudio.cloudapp.net:8080/tfs/defaultcollection
		SccLocalPath0 = .
		SccProjectUniqueName1 = Cobra.Infrastructure\\Cobra.Infrastructure.csproj
		SccProjectName1 = Cobra.Infrastructure
		SccLocalPath1 = Cobra.Infrastructure
		SccProjectUniqueName2 = Cobra.Model\\Cobra.Model.csproj
		SccProjectName2 = Cobra.Model
		SccLocalPath2 = Cobra.Model
		SccProjectUniqueName3 = Cobra.Tests\\Cobra.Tests.csproj
		SccProjectName3 = Cobra.Tests
		SccLocalPath3 = Cobra.Tests
		SccProjectUniqueName4 = Cobra\\Cobra.App.Website.csproj
		SccProjectName4 = Cobra
		SccLocalPath4 = Cobra
		SccProjectUniqueName5 = Cobra.App.Infrastructure\\Cobra.App.Infrastructure.csproj
		SccProjectName5 = Cobra.App.Infrastructure
		SccLocalPath5 = Cobra.App.Infrastructure
		SccProjectUniqueName6 = Cobra.Identity\\Cobra.Identity.csproj
		SccProjectName6 = Cobra.Identity
		SccLocalPath6 = Cobra.Identity
	EndGlobalSection
EndGlobal
