
Microsoft Visual Studio Solution File, Format Version 12.00
# Visual Studio 14
VisualStudioVersion = 14.0.25420.1
MinimumVisualStudioVersion = 10.0.40219.1
Project("{FAE04EC0-301F-11D3-BF4B-00C04F79EFBC}") = "App3", "App3\App3.csproj", "{39BE0672-06EB-498A-B4C6-1B930595E473}"
EndProject
Global
	GlobalSection(SolutionConfigurationPlatforms) = preSolution
		Ad-Hoc|iPhone = Ad-Hoc|iPhone
		Ad-Hoc|iPhoneSimulator = Ad-Hoc|iPhoneSimulator
		AppStore|iPhone = AppStore|iPhone
		AppStore|iPhoneSimulator = AppStore|iPhoneSimulator
		Debug|iPhone = Debug|iPhone
		Debug|iPhoneSimulator = Debug|iPhoneSimulator
		Release|iPhone = Release|iPhone
		Release|iPhoneSimulator = Release|iPhoneSimulator
	EndGlobalSection
	GlobalSection(ProjectConfigurationPlatforms) = postSolution
		{39BE0672-06EB-498A-B4C6-1B930595E473}.Ad-Hoc|iPhone.ActiveCfg = Ad-Hoc|iPhone
		{39BE0672-06EB-498A-B4C6-1B930595E473}.Ad-Hoc|iPhone.Build.0 = Ad-Hoc|iPhone
		{39BE0672-06EB-498A-B4C6-1B930595E473}.Ad-Hoc|iPhoneSimulator.ActiveCfg = Ad-Hoc|iPhoneSimulator
		{39BE0672-06EB-498A-B4C6-1B930595E473}.Ad-Hoc|iPhoneSimulator.Build.0 = Ad-Hoc|iPhoneSimulator
		{39BE0672-06EB-498A-B4C6-1B930595E473}.AppStore|iPhone.ActiveCfg = AppStore|iPhone
		{39BE0672-06EB-498A-B4C6-1B930595E473}.AppStore|iPhone.Build.0 = AppStore|iPhone
		{39BE0672-06EB-498A-B4C6-1B930595E473}.AppStore|iPhoneSimulator.ActiveCfg = AppStore|iPhoneSimulator
		{39BE0672-06EB-498A-B4C6-1B930595E473}.AppStore|iPhoneSimulator.Build.0 = AppStore|iPhoneSimulator
		{39BE0672-06EB-498A-B4C6-1B930595E473}.Debug|iPhone.ActiveCfg = Debug|iPhone
		{39BE0672-06EB-498A-B4C6-1B930595E473}.Debug|iPhone.Build.0 = Debug|iPhone
		{39BE0672-06EB-498A-B4C6-1B930595E473}.Debug|iPhoneSimulator.ActiveCfg = Debug|iPhoneSimulator
		{39BE0672-06EB-498A-B4C6-1B930595E473}.Debug|iPhoneSimulator.Build.0 = Debug|iPhoneSimulator
		{39BE0672-06EB-498A-B4C6-1B930595E473}.Release|iPhone.ActiveCfg = Release|iPhone
		{39BE0672-06EB-498A-B4C6-1B930595E473}.Release|iPhone.Build.0 = Release|iPhone
		{39BE0672-06EB-498A-B4C6-1B930595E473}.Release|iPhoneSimulator.ActiveCfg = Release|iPhoneSimulator
		{39BE0672-06EB-498A-B4C6-1B930595E473}.Release|iPhoneSimulator.Build.0 = Release|iPhoneSimulator
	EndGlobalSection
	GlobalSection(SolutionProperties) = preSolution
		HideSolutionNode = FALSE
	EndGlobalSection
EndGlobal
