
Microsoft Visual Studio Solution File, Format Version 12.00
# Visual Studio 2012
Project("{FAE04EC0-301F-11D3-BF4B-00C04F79EFBC}") = "ConsoleApplication4", "ConsoleApplication4\ConsoleApplication4.csproj", "{B43BD700-6FFC-4ED4-90F1-FBBBB2801AAD}"
EndProject
Global
	GlobalSection(SolutionConfigurationPlatforms) = preSolution
		Debug|Any CPU = Debug|Any CPU
		Release|Any CPU = Release|Any CPU
	EndGlobalSection
	GlobalSection(ProjectConfigurationPlatforms) = postSolution
		{B43BD700-6FFC-4ED4-90F1-FBBBB2801AAD}.Debug|Any CPU.ActiveCfg = Debug|Any CPU
		{B43BD700-6FFC-4ED4-90F1-FBBBB2801AAD}.Debug|Any CPU.Build.0 = Debug|Any CPU
		{B43BD700-6FFC-4ED4-90F1-FBBBB2801AAD}.Release|Any CPU.ActiveCfg = Release|Any CPU
		{B43BD700-6FFC-4ED4-90F1-FBBBB2801AAD}.Release|Any CPU.Build.0 = Release|Any CPU
	EndGlobalSection
	GlobalSection(SolutionProperties) = preSolution
		HideSolutionNode = FALSE
	EndGlobalSection
EndGlobal
