
Microsoft Visual Studio Solution File, Format Version 12.00
# Visual Studio 2012
Project("{FAE04EC0-301F-11D3-BF4B-00C04F79EFBC}") = "MvcApplication3", "MvcApplication3\MvcApplication3.csproj", "{4C57BA1D-269A-4C21-976D-1F288EA236F2}"
EndProject
Project("{FAE04EC0-301F-11D3-BF4B-00C04F79EFBC}") = "MvcApplication3.Tests", "MvcApplication3.Tests\MvcApplication3.Tests.csproj", "{724AF9FA-C6DE-4722-9E6F-F045CBF2DF81}"
EndProject
Global
	GlobalSection(SolutionConfigurationPlatforms) = preSolution
		Debug|Any CPU = Debug|Any CPU
		Release|Any CPU = Release|Any CPU
	EndGlobalSection
	GlobalSection(ProjectConfigurationPlatforms) = postSolution
		{4C57BA1D-269A-4C21-976D-1F288EA236F2}.Debug|Any CPU.ActiveCfg = Debug|Any CPU
		{4C57BA1D-269A-4C21-976D-1F288EA236F2}.Debug|Any CPU.Build.0 = Debug|Any CPU
		{4C57BA1D-269A-4C21-976D-1F288EA236F2}.Release|Any CPU.ActiveCfg = Release|Any CPU
		{4C57BA1D-269A-4C21-976D-1F288EA236F2}.Release|Any CPU.Build.0 = Release|Any CPU
		{724AF9FA-C6DE-4722-9E6F-F045CBF2DF81}.Debug|Any CPU.ActiveCfg = Debug|Any CPU
		{724AF9FA-C6DE-4722-9E6F-F045CBF2DF81}.Debug|Any CPU.Build.0 = Debug|Any CPU
		{724AF9FA-C6DE-4722-9E6F-F045CBF2DF81}.Release|Any CPU.ActiveCfg = Release|Any CPU
		{724AF9FA-C6DE-4722-9E6F-F045CBF2DF81}.Release|Any CPU.Build.0 = Release|Any CPU
	EndGlobalSection
	GlobalSection(SolutionProperties) = preSolution
		HideSolutionNode = FALSE
	EndGlobalSection
EndGlobal
