
Microsoft Visual Studio Solution File, Format Version 12.00
# Visual Studio 14
VisualStudioVersion = 14.0.25420.1
MinimumVisualStudioVersion = 10.0.40219.1
Project("{FAE04EC0-301F-11D3-BF4B-00C04F79EFBC}") = "SjtuNZApp.Android", "SjtuNZApp\SjtuNZApp.Android\SjtuNZApp.Android.csproj", "{01E9E447-6B17-4C6A-9246-3468A17C6795}"
EndProject
Project("{FAE04EC0-301F-11D3-BF4B-00C04F79EFBC}") = "SjtuNZApp", "SjtuNZApp\SjtuNZApp\SjtuNZApp.csproj", "{A9AFC0BE-2D21-4418-8F85-8348517C2179}"
EndProject
Project("{FAE04EC0-301F-11D3-BF4B-00C04F79EFBC}") = "SjtuNZApp.UWP", "SjtuNZApp\SjtuNZApp.UWP\SjtuNZApp.UWP.csproj", "{C967C666-BC67-4978-88B6-10D516008FAA}"
EndProject
Project("{FAE04EC0-301F-11D3-BF4B-00C04F79EFBC}") = "SjtuNZApp.iOS", "SjtuNZApp\SjtuNZApp.iOS\SjtuNZApp.iOS.csproj", "{32BEE3DC-F75E-4209-BBEC-53E913BE6D96}"
EndProject
Global
	GlobalSection(SolutionConfigurationPlatforms) = preSolution
		Ad-Hoc|Any CPU = Ad-Hoc|Any CPU
		Ad-Hoc|ARM = Ad-Hoc|ARM
		Ad-Hoc|iPhone = Ad-Hoc|iPhone
		Ad-Hoc|iPhoneSimulator = Ad-Hoc|iPhoneSimulator
		Ad-Hoc|x64 = Ad-Hoc|x64
		Ad-Hoc|x86 = Ad-Hoc|x86
		AppStore|Any CPU = AppStore|Any CPU
		AppStore|ARM = AppStore|ARM
		AppStore|iPhone = AppStore|iPhone
		AppStore|iPhoneSimulator = AppStore|iPhoneSimulator
		AppStore|x64 = AppStore|x64
		AppStore|x86 = AppStore|x86
		Debug|Any CPU = Debug|Any CPU
		Debug|ARM = Debug|ARM
		Debug|iPhone = Debug|iPhone
		Debug|iPhoneSimulator = Debug|iPhoneSimulator
		Debug|x64 = Debug|x64
		Debug|x86 = Debug|x86
		Release|Any CPU = Release|Any CPU
		Release|ARM = Release|ARM
		Release|iPhone = Release|iPhone
		Release|iPhoneSimulator = Release|iPhoneSimulator
		Release|x64 = Release|x64
		Release|x86 = Release|x86
	EndGlobalSection
	GlobalSection(ProjectConfigurationPlatforms) = postSolution
		{01E9E447-6B17-4C6A-9246-3468A17C6795}.Ad-Hoc|Any CPU.ActiveCfg = Release|Any CPU
		{01E9E447-6B17-4C6A-9246-3468A17C6795}.Ad-Hoc|Any CPU.Build.0 = Release|Any CPU
		{01E9E447-6B17-4C6A-9246-3468A17C6795}.Ad-Hoc|Any CPU.Deploy.0 = Release|Any CPU
		{01E9E447-6B17-4C6A-9246-3468A17C6795}.Ad-Hoc|ARM.ActiveCfg = Release|Any CPU
		{01E9E447-6B17-4C6A-9246-3468A17C6795}.Ad-Hoc|ARM.Build.0 = Release|Any CPU
		{01E9E447-6B17-4C6A-9246-3468A17C6795}.Ad-Hoc|ARM.Deploy.0 = Release|Any CPU
		{01E9E447-6B17-4C6A-9246-3468A17C6795}.Ad-Hoc|iPhone.ActiveCfg = Release|Any CPU
		{01E9E447-6B17-4C6A-9246-3468A17C6795}.Ad-Hoc|iPhone.Build.0 = Release|Any CPU
		{01E9E447-6B17-4C6A-9246-3468A17C6795}.Ad-Hoc|iPhone.Deploy.0 = Release|Any CPU
		{01E9E447-6B17-4C6A-9246-3468A17C6795}.Ad-Hoc|iPhoneSimulator.ActiveCfg = Release|Any CPU
		{01E9E447-6B17-4C6A-9246-3468A17C6795}.Ad-Hoc|iPhoneSimulator.Build.0 = Release|Any CPU
		{01E9E447-6B17-4C6A-9246-3468A17C6795}.Ad-Hoc|iPhoneSimulator.Deploy.0 = Release|Any CPU
		{01E9E447-6B17-4C6A-9246-3468A17C6795}.Ad-Hoc|x64.ActiveCfg = Release|Any CPU
		{01E9E447-6B17-4C6A-9246-3468A17C6795}.Ad-Hoc|x64.Build.0 = Release|Any CPU
		{01E9E447-6B17-4C6A-9246-3468A17C6795}.Ad-Hoc|x64.Deploy.0 = Release|Any CPU
		{01E9E447-6B17-4C6A-9246-3468A17C6795}.Ad-Hoc|x86.ActiveCfg = Release|Any CPU
		{01E9E447-6B17-4C6A-9246-3468A17C6795}.Ad-Hoc|x86.Build.0 = Release|Any CPU
		{01E9E447-6B17-4C6A-9246-3468A17C6795}.Ad-Hoc|x86.Deploy.0 = Release|Any CPU
		{01E9E447-6B17-4C6A-9246-3468A17C6795}.AppStore|Any CPU.ActiveCfg = Release|Any CPU
		{01E9E447-6B17-4C6A-9246-3468A17C6795}.AppStore|Any CPU.Build.0 = Release|Any CPU
		{01E9E447-6B17-4C6A-9246-3468A17C6795}.AppStore|Any CPU.Deploy.0 = Release|Any CPU
		{01E9E447-6B17-4C6A-9246-3468A17C6795}.AppStore|ARM.ActiveCfg = Release|Any CPU
		{01E9E447-6B17-4C6A-9246-3468A17C6795}.AppStore|ARM.Build.0 = Release|Any CPU
		{01E9E447-6B17-4C6A-9246-3468A17C6795}.AppStore|ARM.Deploy.0 = Release|Any CPU
		{01E9E447-6B17-4C6A-9246-3468A17C6795}.AppStore|iPhone.ActiveCfg = Release|Any CPU
		{01E9E447-6B17-4C6A-9246-3468A17C6795}.AppStore|iPhone.Build.0 = Release|Any CPU
		{01E9E447-6B17-4C6A-9246-3468A17C6795}.AppStore|iPhone.Deploy.0 = Release|Any CPU
		{01E9E447-6B17-4C6A-9246-3468A17C6795}.AppStore|iPhoneSimulator.ActiveCfg = Release|Any CPU
		{01E9E447-6B17-4C6A-9246-3468A17C6795}.AppStore|iPhoneSimulator.Build.0 = Release|Any CPU
		{01E9E447-6B17-4C6A-9246-3468A17C6795}.AppStore|iPhoneSimulator.Deploy.0 = Release|Any CPU
		{01E9E447-6B17-4C6A-9246-3468A17C6795}.AppStore|x64.ActiveCfg = Release|Any CPU
		{01E9E447-6B17-4C6A-9246-3468A17C6795}.AppStore|x64.Build.0 = Release|Any CPU
		{01E9E447-6B17-4C6A-9246-3468A17C6795}.AppStore|x64.Deploy.0 = Release|Any CPU
		{01E9E447-6B17-4C6A-9246-3468A17C6795}.AppStore|x86.ActiveCfg = Release|Any CPU
		{01E9E447-6B17-4C6A-9246-3468A17C6795}.AppStore|x86.Build.0 = Release|Any CPU
		{01E9E447-6B17-4C6A-9246-3468A17C6795}.AppStore|x86.Deploy.0 = Release|Any CPU
		{01E9E447-6B17-4C6A-9246-3468A17C6795}.Debug|Any CPU.ActiveCfg = Debug|Any CPU
		{01E9E447-6B17-4C6A-9246-3468A17C6795}.Debug|Any CPU.Build.0 = Debug|Any CPU
		{01E9E447-6B17-4C6A-9246-3468A17C6795}.Debug|Any CPU.Deploy.0 = Debug|Any CPU
		{01E9E447-6B17-4C6A-9246-3468A17C6795}.Debug|ARM.ActiveCfg = Debug|Any CPU
		{01E9E447-6B17-4C6A-9246-3468A17C6795}.Debug|ARM.Build.0 = Debug|Any CPU
		{01E9E447-6B17-4C6A-9246-3468A17C6795}.Debug|ARM.Deploy.0 = Debug|Any CPU
		{01E9E447-6B17-4C6A-9246-3468A17C6795}.Debug|iPhone.ActiveCfg = Debug|Any CPU
		{01E9E447-6B17-4C6A-9246-3468A17C6795}.Debug|iPhone.Build.0 = Debug|Any CPU
		{01E9E447-6B17-4C6A-9246-3468A17C6795}.Debug|iPhone.Deploy.0 = Debug|Any CPU
		{01E9E447-6B17-4C6A-9246-3468A17C6795}.Debug|iPhoneSimulator.ActiveCfg = Debug|Any CPU
		{01E9E447-6B17-4C6A-9246-3468A17C6795}.Debug|iPhoneSimulator.Build.0 = Debug|Any CPU
		{01E9E447-6B17-4C6A-9246-3468A17C6795}.Debug|iPhoneSimulator.Deploy.0 = Debug|Any CPU
		{01E9E447-6B17-4C6A-9246-3468A17C6795}.Debug|x64.ActiveCfg = Debug|Any CPU
		{01E9E447-6B17-4C6A-9246-3468A17C6795}.Debug|x64.Build.0 = Debug|Any CPU
		{01E9E447-6B17-4C6A-9246-3468A17C6795}.Debug|x64.Deploy.0 = Debug|Any CPU
		{01E9E447-6B17-4C6A-9246-3468A17C6795}.Debug|x86.ActiveCfg = Debug|Any CPU
		{01E9E447-6B17-4C6A-9246-3468A17C6795}.Debug|x86.Build.0 = Debug|Any CPU
		{01E9E447-6B17-4C6A-9246-3468A17C6795}.Debug|x86.Deploy.0 = Debug|Any CPU
		{01E9E447-6B17-4C6A-9246-3468A17C6795}.Release|Any CPU.ActiveCfg = Release|Any CPU
		{01E9E447-6B17-4C6A-9246-3468A17C6795}.Release|Any CPU.Build.0 = Release|Any CPU
		{01E9E447-6B17-4C6A-9246-3468A17C6795}.Release|Any CPU.Deploy.0 = Release|Any CPU
		{01E9E447-6B17-4C6A-9246-3468A17C6795}.Release|ARM.ActiveCfg = Release|Any CPU
		{01E9E447-6B17-4C6A-9246-3468A17C6795}.Release|ARM.Build.0 = Release|Any CPU
		{01E9E447-6B17-4C6A-9246-3468A17C6795}.Release|ARM.Deploy.0 = Release|Any CPU
		{01E9E447-6B17-4C6A-9246-3468A17C6795}.Release|iPhone.ActiveCfg = Release|Any CPU
		{01E9E447-6B17-4C6A-9246-3468A17C6795}.Release|iPhone.Build.0 = Release|Any CPU
		{01E9E447-6B17-4C6A-9246-3468A17C6795}.Release|iPhone.Deploy.0 = Release|Any CPU
		{01E9E447-6B17-4C6A-9246-3468A17C6795}.Release|iPhoneSimulator.ActiveCfg = Release|Any CPU
		{01E9E447-6B17-4C6A-9246-3468A17C6795}.Release|iPhoneSimulator.Build.0 = Release|Any CPU
		{01E9E447-6B17-4C6A-9246-3468A17C6795}.Release|iPhoneSimulator.Deploy.0 = Release|Any CPU
		{01E9E447-6B17-4C6A-9246-3468A17C6795}.Release|x64.ActiveCfg = Release|Any CPU
		{01E9E447-6B17-4C6A-9246-3468A17C6795}.Release|x64.Build.0 = Release|Any CPU
		{01E9E447-6B17-4C6A-9246-3468A17C6795}.Release|x64.Deploy.0 = Release|Any CPU
		{01E9E447-6B17-4C6A-9246-3468A17C6795}.Release|x86.ActiveCfg = Release|Any CPU
		{01E9E447-6B17-4C6A-9246-3468A17C6795}.Release|x86.Build.0 = Release|Any CPU
		{01E9E447-6B17-4C6A-9246-3468A17C6795}.Release|x86.Deploy.0 = Release|Any CPU
		{A9AFC0BE-2D21-4418-8F85-8348517C2179}.Ad-Hoc|Any CPU.ActiveCfg = Release|Any CPU
		{A9AFC0BE-2D21-4418-8F85-8348517C2179}.Ad-Hoc|Any CPU.Build.0 = Release|Any CPU
		{A9AFC0BE-2D21-4418-8F85-8348517C2179}.Ad-Hoc|ARM.ActiveCfg = Release|Any CPU
		{A9AFC0BE-2D21-4418-8F85-8348517C2179}.Ad-Hoc|ARM.Build.0 = Release|Any CPU
		{A9AFC0BE-2D21-4418-8F85-8348517C2179}.Ad-Hoc|iPhone.ActiveCfg = Release|Any CPU
		{A9AFC0BE-2D21-4418-8F85-8348517C2179}.Ad-Hoc|iPhone.Build.0 = Release|Any CPU
		{A9AFC0BE-2D21-4418-8F85-8348517C2179}.Ad-Hoc|iPhoneSimulator.ActiveCfg = Release|Any CPU
		{A9AFC0BE-2D21-4418-8F85-8348517C2179}.Ad-Hoc|iPhoneSimulator.Build.0 = Release|Any CPU
		{A9AFC0BE-2D21-4418-8F85-8348517C2179}.Ad-Hoc|x64.ActiveCfg = Release|Any CPU
		{A9AFC0BE-2D21-4418-8F85-8348517C2179}.Ad-Hoc|x64.Build.0 = Release|Any CPU
		{A9AFC0BE-2D21-4418-8F85-8348517C2179}.Ad-Hoc|x86.ActiveCfg = Release|Any CPU
		{A9AFC0BE-2D21-4418-8F85-8348517C2179}.Ad-Hoc|x86.Build.0 = Release|Any CPU
		{A9AFC0BE-2D21-4418-8F85-8348517C2179}.AppStore|Any CPU.ActiveCfg = Release|Any CPU
		{A9AFC0BE-2D21-4418-8F85-8348517C2179}.AppStore|Any CPU.Build.0 = Release|Any CPU
		{A9AFC0BE-2D21-4418-8F85-8348517C2179}.AppStore|ARM.ActiveCfg = Release|Any CPU
		{A9AFC0BE-2D21-4418-8F85-8348517C2179}.AppStore|ARM.Build.0 = Release|Any CPU
		{A9AFC0BE-2D21-4418-8F85-8348517C2179}.AppStore|iPhone.ActiveCfg = Release|Any CPU
		{A9AFC0BE-2D21-4418-8F85-8348517C2179}.AppStore|iPhone.Build.0 = Release|Any CPU
		{A9AFC0BE-2D21-4418-8F85-8348517C2179}.AppStore|iPhoneSimulator.ActiveCfg = Release|Any CPU
		{A9AFC0BE-2D21-4418-8F85-8348517C2179}.AppStore|iPhoneSimulator.Build.0 = Release|Any CPU
		{A9AFC0BE-2D21-4418-8F85-8348517C2179}.AppStore|x64.ActiveCfg = Release|Any CPU
		{A9AFC0BE-2D21-4418-8F85-8348517C2179}.AppStore|x64.Build.0 = Release|Any CPU
		{A9AFC0BE-2D21-4418-8F85-8348517C2179}.AppStore|x86.ActiveCfg = Release|Any CPU
		{A9AFC0BE-2D21-4418-8F85-8348517C2179}.AppStore|x86.Build.0 = Release|Any CPU
		{A9AFC0BE-2D21-4418-8F85-8348517C2179}.Debug|Any CPU.ActiveCfg = Debug|Any CPU
		{A9AFC0BE-2D21-4418-8F85-8348517C2179}.Debug|Any CPU.Build.0 = Debug|Any CPU
		{A9AFC0BE-2D21-4418-8F85-8348517C2179}.Debug|ARM.ActiveCfg = Debug|Any CPU
		{A9AFC0BE-2D21-4418-8F85-8348517C2179}.Debug|ARM.Build.0 = Debug|Any CPU
		{A9AFC0BE-2D21-4418-8F85-8348517C2179}.Debug|iPhone.ActiveCfg = Debug|Any CPU
		{A9AFC0BE-2D21-4418-8F85-8348517C2179}.Debug|iPhone.Build.0 = Debug|Any CPU
		{A9AFC0BE-2D21-4418-8F85-8348517C2179}.Debug|iPhoneSimulator.ActiveCfg = Debug|Any CPU
		{A9AFC0BE-2D21-4418-8F85-8348517C2179}.Debug|iPhoneSimulator.Build.0 = Debug|Any CPU
		{A9AFC0BE-2D21-4418-8F85-8348517C2179}.Debug|x64.ActiveCfg = Debug|Any CPU
		{A9AFC0BE-2D21-4418-8F85-8348517C2179}.Debug|x64.Build.0 = Debug|Any CPU
		{A9AFC0BE-2D21-4418-8F85-8348517C2179}.Debug|x86.ActiveCfg = Debug|Any CPU
		{A9AFC0BE-2D21-4418-8F85-8348517C2179}.Debug|x86.Build.0 = Debug|Any CPU
		{A9AFC0BE-2D21-4418-8F85-8348517C2179}.Release|Any CPU.ActiveCfg = Release|Any CPU
		{A9AFC0BE-2D21-4418-8F85-8348517C2179}.Release|Any CPU.Build.0 = Release|Any CPU
		{A9AFC0BE-2D21-4418-8F85-8348517C2179}.Release|ARM.ActiveCfg = Release|Any CPU
		{A9AFC0BE-2D21-4418-8F85-8348517C2179}.Release|ARM.Build.0 = Release|Any CPU
		{A9AFC0BE-2D21-4418-8F85-8348517C2179}.Release|iPhone.ActiveCfg = Release|Any CPU
		{A9AFC0BE-2D21-4418-8F85-8348517C2179}.Release|iPhone.Build.0 = Release|Any CPU
		{A9AFC0BE-2D21-4418-8F85-8348517C2179}.Release|iPhoneSimulator.ActiveCfg = Release|Any CPU
		{A9AFC0BE-2D21-4418-8F85-8348517C2179}.Release|iPhoneSimulator.Build.0 = Release|Any CPU
		{A9AFC0BE-2D21-4418-8F85-8348517C2179}.Release|x64.ActiveCfg = Release|Any CPU
		{A9AFC0BE-2D21-4418-8F85-8348517C2179}.Release|x64.Build.0 = Release|Any CPU
		{A9AFC0BE-2D21-4418-8F85-8348517C2179}.Release|x86.ActiveCfg = Release|Any CPU
		{A9AFC0BE-2D21-4418-8F85-8348517C2179}.Release|x86.Build.0 = Release|Any CPU
		{C967C666-BC67-4978-88B6-10D516008FAA}.Ad-Hoc|Any CPU.ActiveCfg = Release|x86
		{C967C666-BC67-4978-88B6-10D516008FAA}.Ad-Hoc|Any CPU.Build.0 = Release|x86
		{C967C666-BC67-4978-88B6-10D516008FAA}.Ad-Hoc|Any CPU.Deploy.0 = Release|x86
		{C967C666-BC67-4978-88B6-10D516008FAA}.Ad-Hoc|ARM.ActiveCfg = Release|ARM
		{C967C666-BC67-4978-88B6-10D516008FAA}.Ad-Hoc|ARM.Build.0 = Release|ARM
		{C967C666-BC67-4978-88B6-10D516008FAA}.Ad-Hoc|ARM.Deploy.0 = Release|ARM
		{C967C666-BC67-4978-88B6-10D516008FAA}.Ad-Hoc|iPhone.ActiveCfg = Release|x86
		{C967C666-BC67-4978-88B6-10D516008FAA}.Ad-Hoc|iPhone.Build.0 = Release|x86
		{C967C666-BC67-4978-88B6-10D516008FAA}.Ad-Hoc|iPhone.Deploy.0 = Release|x86
		{C967C666-BC67-4978-88B6-10D516008FAA}.Ad-Hoc|iPhoneSimulator.ActiveCfg = Release|x86
		{C967C666-BC67-4978-88B6-10D516008FAA}.Ad-Hoc|iPhoneSimulator.Build.0 = Release|x86
		{C967C666-BC67-4978-88B6-10D516008FAA}.Ad-Hoc|iPhoneSimulator.Deploy.0 = Release|x86
		{C967C666-BC67-4978-88B6-10D516008FAA}.Ad-Hoc|x64.ActiveCfg = Release|x64
		{C967C666-BC67-4978-88B6-10D516008FAA}.Ad-Hoc|x64.Build.0 = Release|x64
		{C967C666-BC67-4978-88B6-10D516008FAA}.Ad-Hoc|x64.Deploy.0 = Release|x64
		{C967C666-BC67-4978-88B6-10D516008FAA}.Ad-Hoc|x86.ActiveCfg = Release|x86
		{C967C666-BC67-4978-88B6-10D516008FAA}.Ad-Hoc|x86.Build.0 = Release|x86
		{C967C666-BC67-4978-88B6-10D516008FAA}.Ad-Hoc|x86.Deploy.0 = Release|x86
		{C967C666-BC67-4978-88B6-10D516008FAA}.AppStore|Any CPU.ActiveCfg = Release|x86
		{C967C666-BC67-4978-88B6-10D516008FAA}.AppStore|Any CPU.Build.0 = Release|x86
		{C967C666-BC67-4978-88B6-10D516008FAA}.AppStore|Any CPU.Deploy.0 = Release|x86
		{C967C666-BC67-4978-88B6-10D516008FAA}.AppStore|ARM.ActiveCfg = Release|ARM
		{C967C666-BC67-4978-88B6-10D516008FAA}.AppStore|ARM.Build.0 = Release|ARM
		{C967C666-BC67-4978-88B6-10D516008FAA}.AppStore|ARM.Deploy.0 = Release|ARM
		{C967C666-BC67-4978-88B6-10D516008FAA}.AppStore|iPhone.ActiveCfg = Release|x86
		{C967C666-BC67-4978-88B6-10D516008FAA}.AppStore|iPhone.Build.0 = Release|x86
		{C967C666-BC67-4978-88B6-10D516008FAA}.AppStore|iPhone.Deploy.0 = Release|x86
		{C967C666-BC67-4978-88B6-10D516008FAA}.AppStore|iPhoneSimulator.ActiveCfg = Release|x86
		{C967C666-BC67-4978-88B6-10D516008FAA}.AppStore|iPhoneSimulator.Build.0 = Release|x86
		{C967C666-BC67-4978-88B6-10D516008FAA}.AppStore|iPhoneSimulator.Deploy.0 = Release|x86
		{C967C666-BC67-4978-88B6-10D516008FAA}.AppStore|x64.ActiveCfg = Release|x64
		{C967C666-BC67-4978-88B6-10D516008FAA}.AppStore|x64.Build.0 = Release|x64
		{C967C666-BC67-4978-88B6-10D516008FAA}.AppStore|x64.Deploy.0 = Release|x64
		{C967C666-BC67-4978-88B6-10D516008FAA}.AppStore|x86.ActiveCfg = Release|x86
		{C967C666-BC67-4978-88B6-10D516008FAA}.AppStore|x86.Build.0 = Release|x86
		{C967C666-BC67-4978-88B6-10D516008FAA}.AppStore|x86.Deploy.0 = Release|x86
		{C967C666-BC67-4978-88B6-10D516008FAA}.Debug|Any CPU.ActiveCfg = Debug|x86
		{C967C666-BC67-4978-88B6-10D516008FAA}.Debug|ARM.ActiveCfg = Debug|ARM
		{C967C666-BC67-4978-88B6-10D516008FAA}.Debug|ARM.Build.0 = Debug|ARM
		{C967C666-BC67-4978-88B6-10D516008FAA}.Debug|ARM.Deploy.0 = Debug|ARM
		{C967C666-BC67-4978-88B6-10D516008FAA}.Debug|iPhone.ActiveCfg = Debug|x86
		{C967C666-BC67-4978-88B6-10D516008FAA}.Debug|iPhoneSimulator.ActiveCfg = Debug|x86
		{C967C666-BC67-4978-88B6-10D516008FAA}.Debug|x64.ActiveCfg = Debug|x64
		{C967C666-BC67-4978-88B6-10D516008FAA}.Debug|x64.Build.0 = Debug|x64
		{C967C666-BC67-4978-88B6-10D516008FAA}.Debug|x64.Deploy.0 = Debug|x64
		{C967C666-BC67-4978-88B6-10D516008FAA}.Debug|x86.ActiveCfg = Debug|x86
		{C967C666-BC67-4978-88B6-10D516008FAA}.Debug|x86.Build.0 = Debug|x86
		{C967C666-BC67-4978-88B6-10D516008FAA}.Debug|x86.Deploy.0 = Debug|x86
		{C967C666-BC67-4978-88B6-10D516008FAA}.Release|Any CPU.ActiveCfg = Release|x86
		{C967C666-BC67-4978-88B6-10D516008FAA}.Release|ARM.ActiveCfg = Release|ARM
		{C967C666-BC67-4978-88B6-10D516008FAA}.Release|ARM.Build.0 = Release|ARM
		{C967C666-BC67-4978-88B6-10D516008FAA}.Release|ARM.Deploy.0 = Release|ARM
		{C967C666-BC67-4978-88B6-10D516008FAA}.Release|iPhone.ActiveCfg = Release|x86
		{C967C666-BC67-4978-88B6-10D516008FAA}.Release|iPhoneSimulator.ActiveCfg = Release|x86
		{C967C666-BC67-4978-88B6-10D516008FAA}.Release|x64.ActiveCfg = Release|x64
		{C967C666-BC67-4978-88B6-10D516008FAA}.Release|x64.Build.0 = Release|x64
		{C967C666-BC67-4978-88B6-10D516008FAA}.Release|x64.Deploy.0 = Release|x64
		{C967C666-BC67-4978-88B6-10D516008FAA}.Release|x86.ActiveCfg = Release|x86
		{C967C666-BC67-4978-88B6-10D516008FAA}.Release|x86.Build.0 = Release|x86
		{C967C666-BC67-4978-88B6-10D516008FAA}.Release|x86.Deploy.0 = Release|x86
		{32BEE3DC-F75E-4209-BBEC-53E913BE6D96}.Ad-Hoc|Any CPU.ActiveCfg = Ad-Hoc|iPhone
		{32BEE3DC-F75E-4209-BBEC-53E913BE6D96}.Ad-Hoc|ARM.ActiveCfg = Ad-Hoc|iPhone
		{32BEE3DC-F75E-4209-BBEC-53E913BE6D96}.Ad-Hoc|iPhone.ActiveCfg = Ad-Hoc|iPhone
		{32BEE3DC-F75E-4209-BBEC-53E913BE6D96}.Ad-Hoc|iPhone.Build.0 = Ad-Hoc|iPhone
		{32BEE3DC-F75E-4209-BBEC-53E913BE6D96}.Ad-Hoc|iPhoneSimulator.ActiveCfg = Ad-Hoc|iPhoneSimulator
		{32BEE3DC-F75E-4209-BBEC-53E913BE6D96}.Ad-Hoc|iPhoneSimulator.Build.0 = Ad-Hoc|iPhoneSimulator
		{32BEE3DC-F75E-4209-BBEC-53E913BE6D96}.Ad-Hoc|x64.ActiveCfg = Ad-Hoc|iPhone
		{32BEE3DC-F75E-4209-BBEC-53E913BE6D96}.Ad-Hoc|x86.ActiveCfg = Ad-Hoc|iPhone
		{32BEE3DC-F75E-4209-BBEC-53E913BE6D96}.AppStore|Any CPU.ActiveCfg = AppStore|iPhone
		{32BEE3DC-F75E-4209-BBEC-53E913BE6D96}.AppStore|ARM.ActiveCfg = AppStore|iPhone
		{32BEE3DC-F75E-4209-BBEC-53E913BE6D96}.AppStore|iPhone.ActiveCfg = AppStore|iPhone
		{32BEE3DC-F75E-4209-BBEC-53E913BE6D96}.AppStore|iPhone.Build.0 = AppStore|iPhone
		{32BEE3DC-F75E-4209-BBEC-53E913BE6D96}.AppStore|iPhoneSimulator.ActiveCfg = AppStore|iPhoneSimulator
		{32BEE3DC-F75E-4209-BBEC-53E913BE6D96}.AppStore|iPhoneSimulator.Build.0 = AppStore|iPhoneSimulator
		{32BEE3DC-F75E-4209-BBEC-53E913BE6D96}.AppStore|x64.ActiveCfg = AppStore|iPhone
		{32BEE3DC-F75E-4209-BBEC-53E913BE6D96}.AppStore|x86.ActiveCfg = AppStore|iPhone
		{32BEE3DC-F75E-4209-BBEC-53E913BE6D96}.Debug|Any CPU.ActiveCfg = Debug|iPhone
		{32BEE3DC-F75E-4209-BBEC-53E913BE6D96}.Debug|ARM.ActiveCfg = Debug|iPhone
		{32BEE3DC-F75E-4209-BBEC-53E913BE6D96}.Debug|iPhone.ActiveCfg = Debug|iPhone
		{32BEE3DC-F75E-4209-BBEC-53E913BE6D96}.Debug|iPhone.Build.0 = Debug|iPhone
		{32BEE3DC-F75E-4209-BBEC-53E913BE6D96}.Debug|iPhoneSimulator.ActiveCfg = Debug|iPhoneSimulator
		{32BEE3DC-F75E-4209-BBEC-53E913BE6D96}.Debug|iPhoneSimulator.Build.0 = Debug|iPhoneSimulator
		{32BEE3DC-F75E-4209-BBEC-53E913BE6D96}.Debug|x64.ActiveCfg = Debug|iPhone
		{32BEE3DC-F75E-4209-BBEC-53E913BE6D96}.Debug|x86.ActiveCfg = Debug|iPhone
		{32BEE3DC-F75E-4209-BBEC-53E913BE6D96}.Release|Any CPU.ActiveCfg = Release|iPhone
		{32BEE3DC-F75E-4209-BBEC-53E913BE6D96}.Release|ARM.ActiveCfg = Release|iPhone
		{32BEE3DC-F75E-4209-BBEC-53E913BE6D96}.Release|iPhone.ActiveCfg = Release|iPhone
		{32BEE3DC-F75E-4209-BBEC-53E913BE6D96}.Release|iPhone.Build.0 = Release|iPhone
		{32BEE3DC-F75E-4209-BBEC-53E913BE6D96}.Release|iPhoneSimulator.ActiveCfg = Release|iPhoneSimulator
		{32BEE3DC-F75E-4209-BBEC-53E913BE6D96}.Release|iPhoneSimulator.Build.0 = Release|iPhoneSimulator
		{32BEE3DC-F75E-4209-BBEC-53E913BE6D96}.Release|x64.ActiveCfg = Release|iPhone
		{32BEE3DC-F75E-4209-BBEC-53E913BE6D96}.Release|x86.ActiveCfg = Release|iPhone
	EndGlobalSection
	GlobalSection(SolutionProperties) = preSolution
		HideSolutionNode = FALSE
	EndGlobalSection
EndGlobal
